
Microsoft Visual Studio Solution File, Format Version 12.00
# Visual Studio Version 18
VisualStudioVersion = 18.2.11415.280 d18.0
MinimumVisualStudioVersion = 10.0.40219.1
Project("{FAE04EC0-301F-11D3-BF4B-00C04F79EFBC}") = "OrderManagement.Domain", "OrderManagement.Domain.csproj", "{7CCC0935-5084-9CFA-F41E-E848F1A66D90}"
EndProject
Global
	GlobalSection(SolutionConfigurationPlatforms) = preSolution
		Debug|Any CPU = Debug|Any CPU
		Release|Any CPU = Release|Any CPU
	EndGlobalSection
	GlobalSection(ProjectConfigurationPlatforms) = postSolution
		{7CCC0935-5084-9CFA-F41E-E848F1A66D90}.Debug|Any CPU.ActiveCfg = Debug|Any CPU
		{7CCC0935-5084-9CFA-F41E-E848F1A66D90}.Debug|Any CPU.Build.0 = Debug|Any CPU
		{7CCC0935-5084-9CFA-F41E-E848F1A66D90}.Release|Any CPU.ActiveCfg = Release|Any CPU
		{7CCC0935-5084-9CFA-F41E-E848F1A66D90}.Release|Any CPU.Build.0 = Release|Any CPU
	EndGlobalSection
	GlobalSection(SolutionProperties) = preSolution
		HideSolutionNode = FALSE
	EndGlobalSection
	GlobalSection(ExtensibilityGlobals) = postSolution
		SolutionGuid = {88293033-180A-45FF-9FED-38E9D583518D}
	EndGlobalSection
EndGlobal
